// !$*UTF8*$!
{
	archiveVersion = 1;
	classes = {
	};
	objectVersion = 46;
	objects = {

/* Begin PBXBuildFile section */
		B8957A1FF95948B9B8B6FF9F /* libPods.a in Frameworks */ = {isa = PBXBuildFile; fileRef = 4CC6856976FE4301ADF25483 /* libPods.a */; };
		F24F05DF194B4F920065ABA2 /* PHRTreatPlanTableViewController.swift in Sources */ = {isa = PBXBuildFile; fileRef = F24F05DE194B4F920065ABA2 /* PHRTreatPlanTableViewController.swift */; };
		F24F05E1194C9BB80065ABA2 /* PHRPatientInfoTableViewController.swift in Sources */ = {isa = PBXBuildFile; fileRef = F24F05E0194C9BB80065ABA2 /* PHRPatientInfoTableViewController.swift */; };
		F250206C19431A03002B3AA9 /* AppDelegate.swift in Sources */ = {isa = PBXBuildFile; fileRef = F250206B19431A03002B3AA9 /* AppDelegate.swift */; };
		F250207119431A03002B3AA9 /* Main.storyboard in Resources */ = {isa = PBXBuildFile; fileRef = F250206F19431A03002B3AA9 /* Main.storyboard */; };
		F250207319431A03002B3AA9 /* Images.xcassets in Resources */ = {isa = PBXBuildFile; fileRef = F250207219431A03002B3AA9 /* Images.xcassets */; };
		F250207F19431A03002B3AA9 /* PHRTests.swift in Sources */ = {isa = PBXBuildFile; fileRef = F250207E19431A03002B3AA9 /* PHRTests.swift */; };
		F265271E194DA97700C7663C /* PHRMeetingInfoTableViewController.swift in Sources */ = {isa = PBXBuildFile; fileRef = F265271D194DA97700C7663C /* PHRMeetingInfoTableViewController.swift */; };
		F2652722194DAD1700C7663C /* PHRMembersTableViewController.swift in Sources */ = {isa = PBXBuildFile; fileRef = F2652721194DAD1700C7663C /* PHRMembersTableViewController.swift */; };
		F2D3DCB2194452280032B64F /* PHRLoginViewController.swift in Sources */ = {isa = PBXBuildFile; fileRef = F2D3DCB1194452280032B64F /* PHRLoginViewController.swift */; };
		F2E9156F194D589700C89505 /* PHRMeetingTableViewController.swift in Sources */ = {isa = PBXBuildFile; fileRef = F2E9156E194D589700C89505 /* PHRMeetingTableViewController.swift */; };
		F2E91571194D5CED00C89505 /* PHRCaseTableViewController.swift in Sources */ = {isa = PBXBuildFile; fileRef = F2E91570194D5CED00C89505 /* PHRCaseTableViewController.swift */; };
/* End PBXBuildFile section */

/* Begin PBXContainerItemProxy section */
		F250207919431A03002B3AA9 /* PBXContainerItemProxy */ = {
			isa = PBXContainerItemProxy;
			containerPortal = F250205E19431A03002B3AA9 /* Project object */;
			proxyType = 1;
			remoteGlobalIDString = F250206519431A03002B3AA9;
			remoteInfo = PHR;
		};
/* End PBXContainerItemProxy section */

/* Begin PBXFileReference section */
		277AD14302414979875DEBA0 /* Pods.xcconfig */ = {isa = PBXFileReference; includeInIndex = 1; lastKnownFileType = text.xcconfig; name = Pods.xcconfig; path = Pods/Pods.xcconfig; sourceTree = "<group>"; };
		4CC6856976FE4301ADF25483 /* libPods.a */ = {isa = PBXFileReference; explicitFileType = archive.ar; includeInIndex = 0; path = libPods.a; sourceTree = BUILT_PRODUCTS_DIR; };
		F24F05DE194B4F920065ABA2 /* PHRTreatPlanTableViewController.swift */ = {isa = PBXFileReference; fileEncoding = 4; lastKnownFileType = sourcecode.swift; path = PHRTreatPlanTableViewController.swift; sourceTree = "<group>"; };
		F24F05E0194C9BB80065ABA2 /* PHRPatientInfoTableViewController.swift */ = {isa = PBXFileReference; fileEncoding = 4; lastKnownFileType = sourcecode.swift; path = PHRPatientInfoTableViewController.swift; sourceTree = "<group>"; };
		F250206619431A03002B3AA9 /* PHR.app */ = {isa = PBXFileReference; explicitFileType = wrapper.application; includeInIndex = 0; path = PHR.app; sourceTree = BUILT_PRODUCTS_DIR; };
		F250206A19431A03002B3AA9 /* Info.plist */ = {isa = PBXFileReference; lastKnownFileType = text.plist.xml; path = Info.plist; sourceTree = "<group>"; };
		F250206B19431A03002B3AA9 /* AppDelegate.swift */ = {isa = PBXFileReference; lastKnownFileType = sourcecode.swift; name = AppDelegate.swift; path = ../../AppDelegate.swift; sourceTree = "<group>"; };
		F250207019431A03002B3AA9 /* Base */ = {isa = PBXFileReference; lastKnownFileType = file.storyboard; name = Base; path = Base.lproj/Main.storyboard; sourceTree = "<group>"; };
		F250207219431A03002B3AA9 /* Images.xcassets */ = {isa = PBXFileReference; lastKnownFileType = folder.assetcatalog; path = Images.xcassets; sourceTree = "<group>"; };
		F250207819431A03002B3AA9 /* PHRTests.xctest */ = {isa = PBXFileReference; explicitFileType = wrapper.cfbundle; includeInIndex = 0; path = PHRTests.xctest; sourceTree = BUILT_PRODUCTS_DIR; };
		F250207D19431A03002B3AA9 /* Info.plist */ = {isa = PBXFileReference; lastKnownFileType = text.plist.xml; path = Info.plist; sourceTree = "<group>"; };
		F250207E19431A03002B3AA9 /* PHRTests.swift */ = {isa = PBXFileReference; lastKnownFileType = sourcecode.swift; path = PHRTests.swift; sourceTree = "<group>"; };
		F265271D194DA97700C7663C /* PHRMeetingInfoTableViewController.swift */ = {isa = PBXFileReference; fileEncoding = 4; lastKnownFileType = sourcecode.swift; path = PHRMeetingInfoTableViewController.swift; sourceTree = "<group>"; };
		F2652721194DAD1700C7663C /* PHRMembersTableViewController.swift */ = {isa = PBXFileReference; fileEncoding = 4; lastKnownFileType = sourcecode.swift; path = PHRMembersTableViewController.swift; sourceTree = "<group>"; };
		F2652723194DE74900C7663C /* PHRBridgingHeader.h */ = {isa = PBXFileReference; fileEncoding = 4; lastKnownFileType = sourcecode.c.h; path = PHRBridgingHeader.h; sourceTree = "<group>"; };
		F2D3DCB1194452280032B64F /* PHRLoginViewController.swift */ = {isa = PBXFileReference; fileEncoding = 4; lastKnownFileType = sourcecode.swift; path = PHRLoginViewController.swift; sourceTree = "<group>"; };
		F2E9156E194D589700C89505 /* PHRMeetingTableViewController.swift */ = {isa = PBXFileReference; fileEncoding = 4; lastKnownFileType = sourcecode.swift; path = PHRMeetingTableViewController.swift; sourceTree = "<group>"; };
		F2E91570194D5CED00C89505 /* PHRCaseTableViewController.swift */ = {isa = PBXFileReference; fileEncoding = 4; lastKnownFileType = sourcecode.swift; path = PHRCaseTableViewController.swift; sourceTree = "<group>"; };
/* End PBXFileReference section */

/* Begin PBXFrameworksBuildPhase section */
		F250206319431A03002B3AA9 /* Frameworks */ = {
			isa = PBXFrameworksBuildPhase;
			buildActionMask = 2147483647;
			files = (
				B8957A1FF95948B9B8B6FF9F /* libPods.a in Frameworks */,
			);
			runOnlyForDeploymentPostprocessing = 0;
		};
		F250207519431A03002B3AA9 /* Frameworks */ = {
			isa = PBXFrameworksBuildPhase;
			buildActionMask = 2147483647;
			files = (
			);
			runOnlyForDeploymentPostprocessing = 0;
		};
/* End PBXFrameworksBuildPhase section */

/* Begin PBXGroup section */
		BD5AEF87177A490FA561D83B /* Frameworks */ = {
			isa = PBXGroup;
			children = (
				4CC6856976FE4301ADF25483 /* libPods.a */,
			);
			name = Frameworks;
			sourceTree = "<group>";
		};
		F250205D19431A03002B3AA9 = {
			isa = PBXGroup;
			children = (
				F250206819431A03002B3AA9 /* PHR */,
				F250207B19431A03002B3AA9 /* PHRTests */,
				F250206719431A03002B3AA9 /* Products */,
				277AD14302414979875DEBA0 /* Pods.xcconfig */,
				BD5AEF87177A490FA561D83B /* Frameworks */,
			);
			sourceTree = "<group>";
		};
		F250206719431A03002B3AA9 /* Products */ = {
			isa = PBXGroup;
			children = (
				F250206619431A03002B3AA9 /* PHR.app */,
				F250207819431A03002B3AA9 /* PHRTests.xctest */,
			);
			name = Products;
			sourceTree = "<group>";
		};
		F250206819431A03002B3AA9 /* PHR */ = {
			isa = PBXGroup;
			children = (
				F2D3DCAE194451F10032B64F /* Classes */,
				F250206F19431A03002B3AA9 /* Main.storyboard */,
				F250207219431A03002B3AA9 /* Images.xcassets */,
				F250206919431A03002B3AA9 /* Supporting Files */,
			);
			path = PHR;
			sourceTree = "<group>";
		};
		F250206919431A03002B3AA9 /* Supporting Files */ = {
			isa = PBXGroup;
			children = (
				F250206A19431A03002B3AA9 /* Info.plist */,
			);
			name = "Supporting Files";
			sourceTree = "<group>";
		};
		F250207B19431A03002B3AA9 /* PHRTests */ = {
			isa = PBXGroup;
			children = (
				F250207E19431A03002B3AA9 /* PHRTests.swift */,
				F250207C19431A03002B3AA9 /* Supporting Files */,
			);
			path = PHRTests;
			sourceTree = "<group>";
		};
		F250207C19431A03002B3AA9 /* Supporting Files */ = {
			isa = PBXGroup;
			children = (
				F250207D19431A03002B3AA9 /* Info.plist */,
			);
			name = "Supporting Files";
			sourceTree = "<group>";
		};
		F2D3DCAE194451F10032B64F /* Classes */ = {
			isa = PBXGroup;
			children = (
				F2D3DCB01944520F0032B64F /* Generic */,
				F2D3DCAF194452030032B64F /* ViewControllers */,
			);
			path = Classes;
			sourceTree = "<group>";
		};
		F2D3DCAF194452030032B64F /* ViewControllers */ = {
			isa = PBXGroup;
			children = (
				F2E91570194D5CED00C89505 /* PHRCaseTableViewController.swift */,
				F2D3DCB1194452280032B64F /* PHRLoginViewController.swift */,
				F2E9156E194D589700C89505 /* PHRMeetingTableViewController.swift */,
				F24F05E0194C9BB80065ABA2 /* PHRPatientInfoTableViewController.swift */,
				F24F05DE194B4F920065ABA2 /* PHRTreatPlanTableViewController.swift */,
				F265271D194DA97700C7663C /* PHRMeetingInfoTableViewController.swift */,
				F2652721194DAD1700C7663C /* PHRMembersTableViewController.swift */,
			);
			path = ViewControllers;
			sourceTree = "<group>";
		};
		F2D3DCB01944520F0032B64F /* Generic */ = {
			isa = PBXGroup;
			children = (
				F250206B19431A03002B3AA9 /* AppDelegate.swift */,
				F2652723194DE74900C7663C /* PHRBridgingHeader.h */,
			);
			path = Generic;
			sourceTree = "<group>";
		};
/* End PBXGroup section */

/* Begin PBXNativeTarget section */
		F250206519431A03002B3AA9 /* PHR */ = {
			isa = PBXNativeTarget;
			buildConfigurationList = F250208219431A03002B3AA9 /* Build configuration list for PBXNativeTarget "PHR" */;
			buildPhases = (
				B0C649378BFE481893C52B6F /* Check Pods Manifest.lock */,
				F250206219431A03002B3AA9 /* Sources */,
				F250206319431A03002B3AA9 /* Frameworks */,
				F250206419431A03002B3AA9 /* Resources */,
				4D15E9AE43004E02956734BC /* Copy Pods Resources */,
			);
			buildRules = (
			);
			dependencies = (
			);
			name = PHR;
			productName = PHR;
			productReference = F250206619431A03002B3AA9 /* PHR.app */;
			productType = "com.apple.product-type.application";
		};
		F250207719431A03002B3AA9 /* PHRTests */ = {
			isa = PBXNativeTarget;
			buildConfigurationList = F250208519431A03002B3AA9 /* Build configuration list for PBXNativeTarget "PHRTests" */;
			buildPhases = (
				F250207419431A03002B3AA9 /* Sources */,
				F250207519431A03002B3AA9 /* Frameworks */,
				F250207619431A03002B3AA9 /* Resources */,
			);
			buildRules = (
			);
			dependencies = (
				F250207A19431A03002B3AA9 /* PBXTargetDependency */,
			);
			name = PHRTests;
			productName = PHRTests;
			productReference = F250207819431A03002B3AA9 /* PHRTests.xctest */;
			productType = "com.apple.product-type.bundle.unit-test";
		};
/* End PBXNativeTarget section */

/* Begin PBXProject section */
		F250205E19431A03002B3AA9 /* Project object */ = {
			isa = PBXProject;
			attributes = {
				LastUpgradeCheck = 0600;
				ORGANIZATIONNAME = "Retso Huang";
				TargetAttributes = {
					F250206519431A03002B3AA9 = {
						CreatedOnToolsVersion = 6.0;
					};
					F250207719431A03002B3AA9 = {
						CreatedOnToolsVersion = 6.0;
						TestTargetID = F250206519431A03002B3AA9;
					};
				};
			};
			buildConfigurationList = F250206119431A03002B3AA9 /* Build configuration list for PBXProject "PHR" */;
			compatibilityVersion = "Xcode 3.2";
			developmentRegion = English;
			hasScannedForEncodings = 0;
			knownRegions = (
				en,
				Base,
			);
			mainGroup = F250205D19431A03002B3AA9;
			productRefGroup = F250206719431A03002B3AA9 /* Products */;
			projectDirPath = "";
			projectRoot = "";
			targets = (
				F250206519431A03002B3AA9 /* PHR */,
				F250207719431A03002B3AA9 /* PHRTests */,
			);
		};
/* End PBXProject section */

/* Begin PBXResourcesBuildPhase section */
		F250206419431A03002B3AA9 /* Resources */ = {
			isa = PBXResourcesBuildPhase;
			buildActionMask = 2147483647;
			files = (
				F250207119431A03002B3AA9 /* Main.storyboard in Resources */,
				F250207319431A03002B3AA9 /* Images.xcassets in Resources */,
			);
			runOnlyForDeploymentPostprocessing = 0;
		};
		F250207619431A03002B3AA9 /* Resources */ = {
			isa = PBXResourcesBuildPhase;
			buildActionMask = 2147483647;
			files = (
			);
			runOnlyForDeploymentPostprocessing = 0;
		};
/* End PBXResourcesBuildPhase section */

/* Begin PBXShellScriptBuildPhase section */
		4D15E9AE43004E02956734BC /* Copy Pods Resources */ = {
			isa = PBXShellScriptBuildPhase;
			buildActionMask = 2147483647;
			files = (
			);
			inputPaths = (
			);
			name = "Copy Pods Resources";
			outputPaths = (
			);
			runOnlyForDeploymentPostprocessing = 0;
			shellPath = /bin/sh;
			shellScript = "\"${SRCROOT}/Pods/Pods-resources.sh\"\n";
			showEnvVarsInLog = 0;
		};
		B0C649378BFE481893C52B6F /* Check Pods Manifest.lock */ = {
			isa = PBXShellScriptBuildPhase;
			buildActionMask = 2147483647;
			files = (
			);
			inputPaths = (
			);
			name = "Check Pods Manifest.lock";
			outputPaths = (
			);
			runOnlyForDeploymentPostprocessing = 0;
			shellPath = /bin/sh;
			shellScript = "diff \"${PODS_ROOT}/../Podfile.lock\" \"${PODS_ROOT}/Manifest.lock\" > /dev/null\nif [[ $? != 0 ]] ; then\n    cat << EOM\nerror: The sandbox is not in sync with the Podfile.lock. Run 'pod install' or update your CocoaPods installation.\nEOM\n    exit 1\nfi\n";
			showEnvVarsInLog = 0;
		};
/* End PBXShellScriptBuildPhase section */

/* Begin PBXSourcesBuildPhase section */
		F250206219431A03002B3AA9 /* Sources */ = {
			isa = PBXSourcesBuildPhase;
			buildActionMask = 2147483647;
			files = (
				F2E91571194D5CED00C89505 /* PHRCaseTableViewController.swift in Sources */,
				F265271E194DA97700C7663C /* PHRMeetingInfoTableViewController.swift in Sources */,
				F2652722194DAD1700C7663C /* PHRMembersTableViewController.swift in Sources */,
				F2E9156F194D589700C89505 /* PHRMeetingTableViewController.swift in Sources */,
				F24F05E1194C9BB80065ABA2 /* PHRPatientInfoTableViewController.swift in Sources */,
				F250206C19431A03002B3AA9 /* AppDelegate.swift in Sources */,
				F24F05DF194B4F920065ABA2 /* PHRTreatPlanTableViewController.swift in Sources */,
				F2D3DCB2194452280032B64F /* PHRLoginViewController.swift in Sources */,
			);
			runOnlyForDeploymentPostprocessing = 0;
		};
		F250207419431A03002B3AA9 /* Sources */ = {
			isa = PBXSourcesBuildPhase;
			buildActionMask = 2147483647;
			files = (
				F250207F19431A03002B3AA9 /* PHRTests.swift in Sources */,
			);
			runOnlyForDeploymentPostprocessing = 0;
		};
/* End PBXSourcesBuildPhase section */

/* Begin PBXTargetDependency section */
		F250207A19431A03002B3AA9 /* PBXTargetDependency */ = {
			isa = PBXTargetDependency;
			target = F250206519431A03002B3AA9 /* PHR */;
			targetProxy = F250207919431A03002B3AA9 /* PBXContainerItemProxy */;
		};
/* End PBXTargetDependency section */

/* Begin PBXVariantGroup section */
		F250206F19431A03002B3AA9 /* Main.storyboard */ = {
			isa = PBXVariantGroup;
			children = (
				F250207019431A03002B3AA9 /* Base */,
			);
			name = Main.storyboard;
			sourceTree = "<group>";
		};
/* End PBXVariantGroup section */

/* Begin XCBuildConfiguration section */
		F250208019431A03002B3AA9 /* Debug */ = {
			isa = XCBuildConfiguration;
			buildSettings = {
				ALWAYS_SEARCH_USER_PATHS = NO;
				CLANG_CXX_LANGUAGE_STANDARD = "gnu++0x";
				CLANG_CXX_LIBRARY = "libc++";
				CLANG_ENABLE_MODULES = YES;
				CLANG_ENABLE_OBJC_ARC = YES;
				CLANG_WARN_BOOL_CONVERSION = YES;
				CLANG_WARN_CONSTANT_CONVERSION = YES;
				CLANG_WARN_DIRECT_OBJC_ISA_USAGE = YES_ERROR;
				CLANG_WARN_EMPTY_BODY = YES;
				CLANG_WARN_ENUM_CONVERSION = YES;
				CLANG_WARN_INT_CONVERSION = YES;
				CLANG_WARN_OBJC_ROOT_CLASS = YES_ERROR;
				CLANG_WARN_UNREACHABLE_CODE = YES;
				CLANG_WARN__DUPLICATE_METHOD_MATCH = YES;
				"CODE_SIGN_IDENTITY[sdk=iphoneos*]" = "iPhone Developer";
				COPY_PHASE_STRIP = NO;
				ENABLE_STRICT_OBJC_MSGSEND = YES;
				GCC_C_LANGUAGE_STANDARD = gnu99;
				GCC_DYNAMIC_NO_PIC = NO;
				GCC_OPTIMIZATION_LEVEL = 0;
				GCC_PREPROCESSOR_DEFINITIONS = (
					"DEBUG=1",
					"$(inherited)",
				);
				GCC_SYMBOLS_PRIVATE_EXTERN = NO;
				GCC_WARN_64_TO_32_BIT_CONVERSION = YES;
				GCC_WARN_ABOUT_RETURN_TYPE = YES_ERROR;
				GCC_WARN_UNDECLARED_SELECTOR = YES;
				GCC_WARN_UNINITIALIZED_AUTOS = YES_AGGRESSIVE;
				GCC_WARN_UNUSED_FUNCTION = YES;
				GCC_WARN_UNUSED_VARIABLE = YES;
				IPHONEOS_DEPLOYMENT_TARGET = 8.0;
				METAL_ENABLE_DEBUG_INFO = YES;
				ONLY_ACTIVE_ARCH = YES;
				SDKROOT = iphoneos;
				SWIFT_OPTIMIZATION_LEVEL = "-Onone";
			};
			name = Debug;
		};
		F250208119431A03002B3AA9 /* Release */ = {
			isa = XCBuildConfiguration;
			buildSettings = {
				ALWAYS_SEARCH_USER_PATHS = NO;
				CLANG_CXX_LANGUAGE_STANDARD = "gnu++0x";
				CLANG_CXX_LIBRARY = "libc++";
				CLANG_ENABLE_MODULES = YES;
				CLANG_ENABLE_OBJC_ARC = YES;
				CLANG_WARN_BOOL_CONVERSION = YES;
				CLANG_WARN_CONSTANT_CONVERSION = YES;
				CLANG_WARN_DIRECT_OBJC_ISA_USAGE = YES_ERROR;
				CLANG_WARN_EMPTY_BODY = YES;
				CLANG_WARN_ENUM_CONVERSION = YES;
				CLANG_WARN_INT_CONVERSION = YES;
				CLANG_WARN_OBJC_ROOT_CLASS = YES_ERROR;
				CLANG_WARN_UNREACHABLE_CODE = YES;
				CLANG_WARN__DUPLICATE_METHOD_MATCH = YES;
				"CODE_SIGN_IDENTITY[sdk=iphoneos*]" = "iPhone Developer";
				COPY_PHASE_STRIP = YES;
				ENABLE_NS_ASSERTIONS = NO;
				ENABLE_STRICT_OBJC_MSGSEND = YES;
				GCC_C_LANGUAGE_STANDARD = gnu99;
				GCC_WARN_64_TO_32_BIT_CONVERSION = YES;
				GCC_WARN_ABOUT_RETURN_TYPE = YES_ERROR;
				GCC_WARN_UNDECLARED_SELECTOR = YES;
				GCC_WARN_UNINITIALIZED_AUTOS = YES_AGGRESSIVE;
				GCC_WARN_UNUSED_FUNCTION = YES;
				GCC_WARN_UNUSED_VARIABLE = YES;
				IPHONEOS_DEPLOYMENT_TARGET = 8.0;
				METAL_ENABLE_DEBUG_INFO = NO;
				SDKROOT = iphoneos;
				VALIDATE_PRODUCT = YES;
			};
			name = Release;
		};
		F250208319431A03002B3AA9 /* Debug */ = {
			isa = XCBuildConfiguration;
			baseConfigurationReference = 277AD14302414979875DEBA0 /* Pods.xcconfig */;
			buildSettings = {
				ASSETCATALOG_COMPILER_APPICON_NAME = AppIcon;
				ASSETCATALOG_COMPILER_LAUNCHIMAGE_NAME = LaunchImage;
				INFOPLIST_FILE = PHR/Info.plist;
				IPHONEOS_DEPLOYMENT_TARGET = 7.0;
				LD_RUNPATH_SEARCH_PATHS = "$(inherited) @executable_path/Frameworks";
				PRODUCT_NAME = "$(TARGET_NAME)";
				SWIFT_OBJC_BRIDGING_HEADER = PHR/Classes/Generic/PHRBridgingHeader.h;
			};
			name = Debug;
		};
		F250208419431A03002B3AA9 /* Release */ = {
			isa = XCBuildConfiguration;
			baseConfigurationReference = 277AD14302414979875DEBA0 /* Pods.xcconfig */;
			buildSettings = {
				ASSETCATALOG_COMPILER_APPICON_NAME = AppIcon;
				ASSETCATALOG_COMPILER_LAUNCHIMAGE_NAME = LaunchImage;
				INFOPLIST_FILE = PHR/Info.plist;
				IPHONEOS_DEPLOYMENT_TARGET = 7.0;
				LD_RUNPATH_SEARCH_PATHS = "$(inherited) @executable_path/Frameworks";
				PRODUCT_NAME = "$(TARGET_NAME)";
				SWIFT_OBJC_BRIDGING_HEADER = PHR/Classes/Generic/PHRBridgingHeader.h;
			};
			name = Release;
		};
		F250208619431A03002B3AA9 /* Debug */ = {
			isa = XCBuildConfiguration;
			buildSettings = {
				BUNDLE_LOADER = "$(BUILT_PRODUCTS_DIR)/PHR.app/PHR";
				FRAMEWORK_SEARCH_PATHS = (
					"$(SDKROOT)/Developer/Library/Frameworks",
					"$(inherited)",
				);
				GCC_PREPROCESSOR_DEFINITIONS = (
					"DEBUG=1",
					"$(inherited)",
				);
				INFOPLIST_FILE = PHRTests/Info.plist;
				LD_RUNPATH_SEARCH_PATHS = "$(inherited) @executable_path/Frameworks @loader_path/Frameworks";
				METAL_ENABLE_DEBUG_INFO = YES;
				PRODUCT_NAME = "$(TARGET_NAME)";
				TEST_HOST = "$(BUNDLE_LOADER)";
			};
			name = Debug;
		};
		F250208719431A03002B3AA9 /* Release */ = {
			isa = XCBuildConfiguration;
			buildSettings = {
				BUNDLE_LOADER = "$(BUILT_PRODUCTS_DIR)/PHR.app/PHR";
				FRAMEWORK_SEARCH_PATHS = (
					"$(SDKROOT)/Developer/Library/Frameworks",
					"$(inherited)",
				);
				INFOPLIST_FILE = PHRTests/Info.plist;
				LD_RUNPATH_SEARCH_PATHS = "$(inherited) @executable_path/Frameworks @loader_path/Frameworks";
				METAL_ENABLE_DEBUG_INFO = NO;
				PRODUCT_NAME = "$(TARGET_NAME)";
				TEST_HOST = "$(BUNDLE_LOADER)";
			};
			name = Release;
		};
/* End XCBuildConfiguration section */

/* Begin XCConfigurationList section */
		F250206119431A03002B3AA9 /* Build configuration list for PBXProject "PHR" */ = {
			isa = XCConfigurationList;
			buildConfigurations = (
				F250208019431A03002B3AA9 /* Debug */,
				F250208119431A03002B3AA9 /* Release */,
			);
			defaultConfigurationIsVisible = 0;
			defaultConfigurationName = Release;
		};
		F250208219431A03002B3AA9 /* Build configuration list for PBXNativeTarget "PHR" */ = {
			isa = XCConfigurationList;
			buildConfigurations = (
				F250208319431A03002B3AA9 /* Debug */,
				F250208419431A03002B3AA9 /* Release */,
			);
			defaultConfigurationIsVisible = 0;
			defaultConfigurationName = Release;
		};
		F250208519431A03002B3AA9 /* Build configuration list for PBXNativeTarget "PHRTests" */ = {
			isa = XCConfigurationList;
			buildConfigurations = (
				F250208619431A03002B3AA9 /* Debug */,
				F250208719431A03002B3AA9 /* Release */,
			);
			defaultConfigurationIsVisible = 0;
			defaultConfigurationName = Release;
		};
/* End XCConfigurationList section */
	};
	rootObject = F250205E19431A03002B3AA9 /* Project object */;
}
